{
  "name": "SIGE",
  "lockfileVersion": 3,
  "requires": true,
  "packages": {
    "": {
      "dependencies": {
        "signature_pad": "^5.1.1"
      }
    },
    "node_modules/signature_pad": {
      "version": "5.1.1",
      "resolved": "https://registry.npmjs.org/signature_pad/-/signature_pad-5.1.1.tgz",
      "integrity": "sha512-BT5JJygS5BS0oV+tffPRorIud6q17bM7v/1LdQwd0o6mTqGoI25yY1NjSL99OqkekWltS4uon6p52Y8j1Zqu7g==",
      "license": "MIT"
    }
  }
}
